{
  "version": 4,
  "terraform_version": "1.13.2",
  "serial": 551,
  "lineage": "57fe422c-ca23-b778-8250-0fc8158d15ca",
  "outputs": {
    "app_location": {
      "value": "/opt/app/dummyapp",
      "type": "string"
    },
    "app_service_name": {
      "value": "flask-app",
      "type": "string"
    },
    "app_url": {
      "value": "http://ec2-16-28-98-65.af-south-1.compute.amazonaws.com",
      "type": "string"
    },
    "nginx_instance_id": {
      "value": "i-0d28f71b6de9ce591",
      "type": "string"
    },
    "nginx_private_ip": {
      "value": "10.0.1.58",
      "type": "string"
    },
    "nginx_public_dns": {
      "value": "ec2-16-28-98-65.af-south-1.compute.amazonaws.com",
      "type": "string"
    },
    "nginx_public_ip": {
      "value": "16.28.98.65",
      "type": "string"
    },
    "postgres_instance_id": {
      "value": "i-008c51d89f5006557",
      "type": "string"
    },
    "postgres_private_ip": {
      "value": "10.0.2.65",
      "type": "string"
    }
  },
  "resources": [
    {
      "mode": "data",
      "type": "aws_ami",
      "name": "al2",
      "provider": "provider[\"registry.terraform.io/hashicorp/aws\"]",
      "instances": [
        {
          "schema_version": 0,
          "attributes": {
            "allow_unsafe_filter": null,
            "architecture": "x86_64",
            "arn": "arn:aws:ec2:af-south-1::image/ami-01d448ef6367bbb81",
            "block_device_mappings": [
              {
                "device_name": "/dev/xvda",
                "ebs": {
                  "delete_on_termination": "true",
                  "encrypted": "false",
                  "iops": "0",
                  "snapshot_id": "snap-0ff58851c4ac61c60",
                  "throughput": "0",
                  "volume_initialization_rate": "0",
                  "volume_size": "8",
                  "volume_type": "gp2"
                },
                "no_device": "",
                "virtual_name": ""
              }
            ],
            "boot_mode": "",
            "creation_date": "2025-09-03T05:12:23.000Z",
            "deprecation_time": "2025-12-02T05:12:00.000Z",
            "description": "Amazon Linux 2 AMI 2.0.20250902.3 x86_64 HVM gp2",
            "ena_support": true,
            "executable_users": null,
            "filter": [
              {
                "name": "name",
                "values": [
                  "amzn2-ami-hvm-*-x86_64-gp2"
                ]
              }
            ],
            "hypervisor": "xen",
            "id": "ami-01d448ef6367bbb81",
            "image_id": "ami-01d448ef6367bbb81",
            "image_location": "amazon/amzn2-ami-hvm-2.0.20250902.3-x86_64-gp2",
            "image_owner_alias": "amazon",
            "image_type": "machine",
            "imds_support": "",
            "include_deprecated": false,
            "kernel_id": "",
            "last_launched_time": "",
            "most_recent": true,
            "name": "amzn2-ami-hvm-2.0.20250902.3-x86_64-gp2",
            "name_regex": null,
            "owner_id": "210953353124",
            "owners": [
              "amazon"
            ],
            "platform": "",
            "platform_details": "Linux/UNIX",
            "product_codes": [],
            "public": true,
            "ramdisk_id": "",
            "region": "af-south-1",
            "root_device_name": "/dev/xvda",
            "root_device_type": "ebs",
            "root_snapshot_id": "snap-0ff58851c4ac61c60",
            "sriov_net_support": "simple",
            "state": "available",
            "state_reason": {
              "code": "UNSET",
              "message": "UNSET"
            },
            "tags": {},
            "timeouts": null,
            "tpm_support": "",
            "uefi_data": null,
            "usage_operation": "RunInstances",
            "virtualization_type": "hvm"
          },
          "sensitive_attributes": [],
          "identity_schema_version": 0
        }
      ]
    },
    {
      "mode": "data",
      "type": "aws_region",
      "name": "current",
      "provider": "provider[\"registry.terraform.io/hashicorp/aws\"]",
      "instances": [
        {
          "schema_version": 0,
          "attributes": {
            "description": "Africa (Cape Town)",
            "endpoint": "ec2.af-south-1.amazonaws.com",
            "id": "af-south-1",
            "name": "af-south-1",
            "region": "af-south-1"
          },
          "sensitive_attributes": [],
          "identity_schema_version": 0
        }
      ]
    },
    {
      "mode": "managed",
      "type": "aws_iam_instance_profile",
      "name": "ssm",
      "provider": "provider[\"registry.terraform.io/hashicorp/aws\"]",
      "instances": [
        {
          "schema_version": 0,
          "attributes": {
            "arn": "arn:aws:iam::390701132944:instance-profile/ec2-ssm-profile",
            "create_date": "2025-09-12T16:40:31Z",
            "id": "ec2-ssm-profile",
            "name": "ec2-ssm-profile",
            "name_prefix": "",
            "path": "/",
            "role": "ec2-ssm-role",
            "tags": {},
            "tags_all": {},
            "unique_id": "AIPAVV542FSIPSVK7P2YM"
          },
          "sensitive_attributes": [],
          "identity_schema_version": 0,
          "private": "bnVsbA==",
          "dependencies": [
            "aws_iam_role.ssm"
          ]
        }
      ]
    },
    {
      "mode": "managed",
      "type": "aws_iam_role",
      "name": "ssm",
      "provider": "provider[\"registry.terraform.io/hashicorp/aws\"]",
      "instances": [
        {
          "schema_version": 0,
          "attributes": {
            "arn": "arn:aws:iam::390701132944:role/ec2-ssm-role",
            "assume_role_policy": "{\"Statement\":[{\"Action\":\"sts:AssumeRole\",\"Effect\":\"Allow\",\"Principal\":{\"Service\":\"ec2.amazonaws.com\"}}],\"Version\":\"2012-10-17\"}",
            "create_date": "2025-09-12T16:40:29Z",
            "description": "",
            "force_detach_policies": false,
            "id": "ec2-ssm-role",
            "inline_policy": [],
            "managed_policy_arns": [
              "arn:aws:iam::aws:policy/AmazonSSMManagedInstanceCore"
            ],
            "max_session_duration": 3600,
            "name": "ec2-ssm-role",
            "name_prefix": "",
            "path": "/",
            "permissions_boundary": "",
            "tags": {},
            "tags_all": {},
            "unique_id": "AROAVV542FSINNLZUV5EV"
          },
          "sensitive_attributes": [],
          "identity_schema_version": 0,
          "identity": {
            "account_id": "390701132944",
            "name": "ec2-ssm-role"
          },
          "private": "bnVsbA=="
        }
      ]
    },
    {
      "mode": "managed",
      "type": "aws_iam_role_policy_attachment",
      "name": "ssm",
      "provider": "provider[\"registry.terraform.io/hashicorp/aws\"]",
      "instances": [
        {
          "schema_version": 0,
          "attributes": {
            "id": "ec2-ssm-role/arn:aws:iam::aws:policy/AmazonSSMManagedInstanceCore",
            "policy_arn": "arn:aws:iam::aws:policy/AmazonSSMManagedInstanceCore",
            "role": "ec2-ssm-role"
          },
          "sensitive_attributes": [],
          "identity_schema_version": 0,
          "identity": {
            "account_id": "390701132944",
            "policy_arn": "arn:aws:iam::aws:policy/AmazonSSMManagedInstanceCore",
            "role": "ec2-ssm-role"
          },
          "private": "bnVsbA==",
          "dependencies": [
            "aws_iam_role.ssm"
          ]
        }
      ]
    },
    {
      "mode": "managed",
      "type": "aws_instance",
      "name": "nginx",
      "provider": "provider[\"registry.terraform.io/hashicorp/aws\"]",
      "instances": [
        {
          "schema_version": 2,
          "attributes": {
            "ami": "ami-01d448ef6367bbb81",
            "arn": "arn:aws:ec2:af-south-1:390701132944:instance/i-0d28f71b6de9ce591",
            "associate_public_ip_address": true,
            "availability_zone": "af-south-1a",
            "capacity_reservation_specification": [
              {
                "capacity_reservation_preference": "open",
                "capacity_reservation_target": []
              }
            ],
            "cpu_options": [
              {
                "amd_sev_snp": "",
                "core_count": 1,
                "threads_per_core": 2
              }
            ],
            "credit_specification": [
              {
                "cpu_credits": "unlimited"
              }
            ],
            "disable_api_stop": false,
            "disable_api_termination": false,
            "ebs_block_device": [],
            "ebs_optimized": false,
            "enable_primary_ipv6": null,
            "enclave_options": [
              {
                "enabled": false
              }
            ],
            "ephemeral_block_device": [],
            "force_destroy": false,
            "get_password_data": false,
            "hibernation": false,
            "host_id": "",
            "host_resource_group_arn": null,
            "iam_instance_profile": "ec2-ssm-profile",
            "id": "i-0d28f71b6de9ce591",
            "instance_initiated_shutdown_behavior": "stop",
            "instance_lifecycle": "",
            "instance_market_options": [],
            "instance_state": "running",
            "instance_type": "t3.micro",
            "ipv6_address_count": 0,
            "ipv6_addresses": [],
            "key_name": "",
            "launch_template": [],
            "maintenance_options": [
              {
                "auto_recovery": "default"
              }
            ],
            "metadata_options": [
              {
                "http_endpoint": "enabled",
                "http_protocol_ipv6": "disabled",
                "http_put_response_hop_limit": 1,
                "http_tokens": "optional",
                "instance_metadata_tags": "disabled"
              }
            ],
            "monitoring": false,
            "network_interface": [],
            "outpost_arn": "",
            "password_data": "",
            "placement_group": "",
            "placement_group_id": "",
            "placement_partition_number": 0,
            "primary_network_interface": [
              {
                "delete_on_termination": true,
                "network_interface_id": "eni-0e8743192be129f6a"
              }
            ],
            "primary_network_interface_id": "eni-0e8743192be129f6a",
            "private_dns": "ip-10-0-1-58.af-south-1.compute.internal",
            "private_dns_name_options": [
              {
                "enable_resource_name_dns_a_record": false,
                "enable_resource_name_dns_aaaa_record": false,
                "hostname_type": "ip-name"
              }
            ],
            "private_ip": "10.0.1.58",
            "public_dns": "ec2-16-28-98-65.af-south-1.compute.amazonaws.com",
            "public_ip": "16.28.98.65",
            "region": "af-south-1",
            "root_block_device": [
              {
                "delete_on_termination": true,
                "device_name": "/dev/xvda",
                "encrypted": false,
                "iops": 100,
                "kms_key_id": "",
                "tags": {},
                "tags_all": {},
                "throughput": 0,
                "volume_id": "vol-0f3cc003c60dff82e",
                "volume_size": 8,
                "volume_type": "gp2"
              }
            ],
            "secondary_private_ips": [],
            "security_groups": [],
            "source_dest_check": true,
            "spot_instance_request_id": "",
            "subnet_id": "subnet-0870a08301127db29",
            "tags": {
              "Name": "nginx-server"
            },
            "tags_all": {
              "Name": "nginx-server"
            },
            "tenancy": "default",
            "timeouts": null,
            "user_data": "#!/bin/bash\nset -xe\n\n# Enable and install nginx\namazon-linux-extras enable nginx1\nyum install -y nginx git\n\n# Enable and install Python 3.8 + pip\namazon-linux-extras enable python3.8\nyum install -y python3.8 python3.8-pip\nalternatives --install /usr/bin/python3 python3 /usr/bin/python3.8 2\nalternatives --install /usr/bin/pip3 pip3 /usr/bin/pip3.8 2\n\n# Upgrade pip \u0026 install app dependencies\npip3 install --upgrade pip\npip3 install gunicorn flask==2.3.3 psycopg2-binary configparser\n\n# Deploy app under /opt/app/dummyapp\nmkdir -p /opt/app\ncd /opt/app\ngit clone https://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@github.com/riaanp78/dummyapp.git dummyapp\nchown -R nginx:nginx /opt/app/dummyapp\n\n# Create config.ini using Terraform vars\ncat \u003e /opt/app/dummyapp/config.ini \u003c\u003c'EOF'\n[postgres]\nhost=10.0.2.65\nport=5432\nuser=appuser\npassword=S3cureP@ssw0rd!\ndatabase=appdb\nEOF\nchown nginx:nginx /opt/app/dummyapp/config.ini\n\n# Systemd service for Gunicorn (bind to 127.0.0.1:5000)\ncat \u003e /etc/systemd/system/flask-app.service \u003c\u003c'EOF'\n[Unit]\nDescription=Gunicorn instance to serve Flask app\nAfter=network.target\n\n[Service]\nUser=nginx\nGroup=nginx\nWorkingDirectory=/opt/app/dummyapp\nExecStart=/usr/bin/python3 -m gunicorn --workers 3 --bind 127.0.0.1:5000 app:app\nRestart=always\n\n[Install]\nWantedBy=multi-user.target\nEOF\n\nsystemctl daemon-reload\nsystemctl enable flask-app\nsystemctl restart flask-app\n\n# Nginx reverse proxy config\n# Also basic hardening\n\ncat \u003e /etc/nginx/conf.d/flask.conf \u003c\u003c'EOF'\n# rate limit: Each IP limited to 4 requests/sec (with default burst behavior).\nlimit_req_zone $binary_remote_addr zone=one:10m rate=4r/s;\n\nserver {\n    listen 80;\n    server_name _;\n\n    # Hide Nginx server version\n    server_tokens off;\n\n    # Block user agents we don't want aka bots\n    if ($http_user_agent ~* (curl|wget|httpclient|libwww|python-requests|java|nikto|sqlmap)) {\n        return 403;\n    }\n\n    # Block common sensitive paths and all hidden files\n    location ~* (^/(\\.git|\\.env|phpmyadmin|wp-admin|wp-login)) {\n        deny all;\n        return 404;\n    }\n\n    # Block any hidden file (e.g. /.anything)\n    location ~ /\\.(?!well-known) {\n        deny all;\n        return 404;\n    }\n\n    # Limit to GET/HEAD requests\n    if ($request_method !~ ^(GET|HEAD)$) {\n        return 405;\n    }\n\n    # Reverse proxy to python app\n    location / {\n        proxy_pass http://127.0.0.1:5000;\n        proxy_set_header Host $host;\n        proxy_set_header X-Real-IP $remote_addr;\n        proxy_set_header X-Forwarded-For $proxy_add_x_forwarded_for;\n    }\n\n\n}\nEOF\n\nsystemctl enable nginx\nsystemctl restart nginx\n\n# SSM agent logging\n  systemctl enable amazon-ssm-agent\n  systemctl restart amazon-ssm-agent\n  systemctl status amazon-ssm-agent \u003e /tmp/ssm-agent-status.log 2\u003e\u00261\n  amazon-ssm-agent -version \u003e\u003e /tmp/ssm-agent-status.log 2\u003e\u00261\n\n",
            "user_data_base64": null,
            "user_data_replace_on_change": false,
            "volume_tags": null,
            "vpc_security_group_ids": [
              "sg-0374a93e757de63ae"
            ]
          },
          "sensitive_attributes": [
            [
              {
                "type": "get_attr",
                "value": "user_data"
              }
            ]
          ],
          "identity_schema_version": 0,
          "identity": {
            "account_id": "390701132944",
            "id": "i-0d28f71b6de9ce591",
            "region": "af-south-1"
          },
          "private": "eyJlMmJmYjczMC1lY2FhLTExZTYtOGY4OC0zNDM2M2JjN2M0YzAiOnsiY3JlYXRlIjo2MDAwMDAwMDAwMDAsImRlbGV0ZSI6MTIwMDAwMDAwMDAwMCwicmVhZCI6OTAwMDAwMDAwMDAwLCJ1cGRhdGUiOjYwMDAwMDAwMDAwMH0sInNjaGVtYV92ZXJzaW9uIjoiMiJ9",
          "dependencies": [
            "aws_iam_instance_profile.ssm",
            "aws_iam_role.ssm",
            "aws_instance.postgres",
            "aws_route_table.private",
            "aws_security_group.nginx",
            "aws_security_group.postgres",
            "aws_security_group.ssm",
            "aws_subnet.nginx",
            "aws_subnet.postgres",
            "aws_vpc.main",
            "aws_vpc_endpoint.ec2messages",
            "aws_vpc_endpoint.s3",
            "aws_vpc_endpoint.ssm",
            "aws_vpc_endpoint.ssmmessages",
            "data.aws_ami.al2",
            "data.aws_region.current"
          ]
        }
      ]
    },
    {
      "mode": "managed",
      "type": "aws_instance",
      "name": "postgres",
      "provider": "provider[\"registry.terraform.io/hashicorp/aws\"]",
      "instances": [
        {
          "schema_version": 2,
          "attributes": {
            "ami": "ami-01d448ef6367bbb81",
            "arn": "arn:aws:ec2:af-south-1:390701132944:instance/i-008c51d89f5006557",
            "associate_public_ip_address": false,
            "availability_zone": "af-south-1a",
            "capacity_reservation_specification": [
              {
                "capacity_reservation_preference": "open",
                "capacity_reservation_target": []
              }
            ],
            "cpu_options": [
              {
                "amd_sev_snp": "",
                "core_count": 1,
                "threads_per_core": 2
              }
            ],
            "credit_specification": [
              {
                "cpu_credits": "unlimited"
              }
            ],
            "disable_api_stop": false,
            "disable_api_termination": false,
            "ebs_block_device": [],
            "ebs_optimized": false,
            "enable_primary_ipv6": null,
            "enclave_options": [
              {
                "enabled": false
              }
            ],
            "ephemeral_block_device": [],
            "force_destroy": false,
            "get_password_data": false,
            "hibernation": false,
            "host_id": "",
            "host_resource_group_arn": null,
            "iam_instance_profile": "ec2-ssm-profile",
            "id": "i-008c51d89f5006557",
            "instance_initiated_shutdown_behavior": "stop",
            "instance_lifecycle": "",
            "instance_market_options": [],
            "instance_state": "running",
            "instance_type": "t3.micro",
            "ipv6_address_count": 0,
            "ipv6_addresses": [],
            "key_name": "",
            "launch_template": [],
            "maintenance_options": [
              {
                "auto_recovery": "default"
              }
            ],
            "metadata_options": [
              {
                "http_endpoint": "enabled",
                "http_protocol_ipv6": "disabled",
                "http_put_response_hop_limit": 1,
                "http_tokens": "optional",
                "instance_metadata_tags": "disabled"
              }
            ],
            "monitoring": false,
            "network_interface": [],
            "outpost_arn": "",
            "password_data": "",
            "placement_group": "",
            "placement_group_id": "",
            "placement_partition_number": 0,
            "primary_network_interface": [
              {
                "delete_on_termination": true,
                "network_interface_id": "eni-015e2beaf5ab354ee"
              }
            ],
            "primary_network_interface_id": "eni-015e2beaf5ab354ee",
            "private_dns": "ip-10-0-2-65.af-south-1.compute.internal",
            "private_dns_name_options": [
              {
                "enable_resource_name_dns_a_record": false,
                "enable_resource_name_dns_aaaa_record": false,
                "hostname_type": "ip-name"
              }
            ],
            "private_ip": "10.0.2.65",
            "public_dns": "",
            "public_ip": "",
            "region": "af-south-1",
            "root_block_device": [
              {
                "delete_on_termination": true,
                "device_name": "/dev/xvda",
                "encrypted": false,
                "iops": 100,
                "kms_key_id": "",
                "tags": {},
                "tags_all": {},
                "throughput": 0,
                "volume_id": "vol-0cc6c45acb133a008",
                "volume_size": 8,
                "volume_type": "gp2"
              }
            ],
            "secondary_private_ips": [],
            "security_groups": [],
            "source_dest_check": true,
            "spot_instance_request_id": "",
            "subnet_id": "subnet-0f5e6704b2f4a4413",
            "tags": {
              "Name": "postgres-server"
            },
            "tags_all": {
              "Name": "postgres-server"
            },
            "tenancy": "default",
            "timeouts": null,
            "user_data": "#!/bin/bash\nset -xe\n\n# Install PostgreSQL 13\namazon-linux-extras enable postgresql13\nyum install -y postgresql-server postgresql-contrib\n\n# Initialize DB cluster\npostgresql-setup --initdb --unit postgresql\n\n# Allow listen on all interfaces\nsed -i \"s/^#listen_addresses =.*/listen_addresses = '*'/\" /var/lib/pgsql/data/postgresql.conf\n\n# Allow connections from nginx subnet (10.0.1.0/24)\ncat \u003e\u003e /var/lib/pgsql/data/pg_hba.conf \u003c\u003cEOF\nhost    appdb    appuser    10.0.1.0/24    md5\nEOF\n\n# Start and enable service\nsystemctl enable postgresql\nsystemctl start postgresql\n\n# Create database if not exists\nsudo -u postgres psql -tc \"SELECT 1 FROM pg_database WHERE datname = 'appdb'\" | grep -q 1 || \\\n  sudo -u postgres psql -c \"CREATE DATABASE appdb;\"\n\n# Create user if not exists\nsudo -u postgres psql -tc \"SELECT 1 FROM pg_roles WHERE rolname = 'appuser'\" | grep -q 1 || \\\n  sudo -u postgres psql -c \"CREATE USER appuser WITH PASSWORD 'S3cureP@ssw0rd!';\"\n\n# Grant privileges\nsudo -u postgres psql -c \"GRANT ALL PRIVILEGES ON DATABASE appdb TO appuser;\"\n\n# SSM Agent logging\n  systemctl enable amazon-ssm-agent\n  systemctl restart amazon-ssm-agent\n  systemctl status amazon-ssm-agent \u003e /tmp/ssm-agent-status.log 2\u003e\u00261\n  amazon-ssm-agent -version \u003e\u003e /tmp/ssm-agent-status.log 2\u003e\u00261\n\n",
            "user_data_base64": null,
            "user_data_replace_on_change": false,
            "volume_tags": null,
            "vpc_security_group_ids": [
              "sg-0f433413e86c381a6"
            ]
          },
          "sensitive_attributes": [
            [
              {
                "type": "get_attr",
                "value": "user_data"
              }
            ]
          ],
          "identity_schema_version": 0,
          "identity": {
            "account_id": "390701132944",
            "id": "i-008c51d89f5006557",
            "region": "af-south-1"
          },
          "private": "eyJlMmJmYjczMC1lY2FhLTExZTYtOGY4OC0zNDM2M2JjN2M0YzAiOnsiY3JlYXRlIjo2MDAwMDAwMDAwMDAsImRlbGV0ZSI6MTIwMDAwMDAwMDAwMCwicmVhZCI6OTAwMDAwMDAwMDAwLCJ1cGRhdGUiOjYwMDAwMDAwMDAwMH0sInNjaGVtYV92ZXJzaW9uIjoiMiJ9",
          "dependencies": [
            "aws_iam_instance_profile.ssm",
            "aws_iam_role.ssm",
            "aws_route_table.private",
            "aws_security_group.nginx",
            "aws_security_group.postgres",
            "aws_security_group.ssm",
            "aws_subnet.postgres",
            "aws_vpc.main",
            "aws_vpc_endpoint.ec2messages",
            "aws_vpc_endpoint.s3",
            "aws_vpc_endpoint.ssm",
            "aws_vpc_endpoint.ssmmessages",
            "data.aws_ami.al2",
            "data.aws_region.current"
          ]
        }
      ]
    },
    {
      "mode": "managed",
      "type": "aws_internet_gateway",
      "name": "igw",
      "provider": "provider[\"registry.terraform.io/hashicorp/aws\"]",
      "instances": [
        {
          "schema_version": 0,
          "attributes": {
            "arn": "arn:aws:ec2:af-south-1:390701132944:internet-gateway/igw-05dbd216b230937de",
            "id": "igw-05dbd216b230937de",
            "owner_id": "390701132944",
            "region": "af-south-1",
            "tags": {},
            "tags_all": {},
            "timeouts": null,
            "vpc_id": "vpc-03dfde120269a1e6b"
          },
          "sensitive_attributes": [],
          "identity_schema_version": 0,
          "private": "eyJlMmJmYjczMC1lY2FhLTExZTYtOGY4OC0zNDM2M2JjN2M0YzAiOnsiY3JlYXRlIjoxMjAwMDAwMDAwMDAwLCJkZWxldGUiOjEyMDAwMDAwMDAwMDAsInVwZGF0ZSI6MTIwMDAwMDAwMDAwMH19",
          "dependencies": [
            "aws_vpc.main"
          ]
        }
      ]
    },
    {
      "mode": "managed",
      "type": "aws_route",
      "name": "public_internet",
      "provider": "provider[\"registry.terraform.io/hashicorp/aws\"]",
      "instances": [
        {
          "schema_version": 0,
          "attributes": {
            "carrier_gateway_id": "",
            "core_network_arn": "",
            "destination_cidr_block": "0.0.0.0/0",
            "destination_ipv6_cidr_block": "",
            "destination_prefix_list_id": "",
            "egress_only_gateway_id": "",
            "gateway_id": "igw-05dbd216b230937de",
            "id": "r-rtb-0d37c94c7ca8e3cef1080289494",
            "instance_id": "",
            "instance_owner_id": "",
            "local_gateway_id": "",
            "nat_gateway_id": "",
            "network_interface_id": "",
            "origin": "CreateRoute",
            "region": "af-south-1",
            "route_table_id": "rtb-0d37c94c7ca8e3cef",
            "state": "active",
            "timeouts": null,
            "transit_gateway_id": "",
            "vpc_endpoint_id": "",
            "vpc_peering_connection_id": ""
          },
          "sensitive_attributes": [],
          "identity_schema_version": 0,
          "identity": {
            "account_id": "390701132944",
            "destination_cidr_block": "0.0.0.0/0",
            "destination_ipv6_cidr_block": null,
            "destination_prefix_list_id": null,
            "region": "af-south-1",
            "route_table_id": "rtb-0d37c94c7ca8e3cef"
          },
          "private": "eyJlMmJmYjczMC1lY2FhLTExZTYtOGY4OC0zNDM2M2JjN2M0YzAiOnsiY3JlYXRlIjozMDAwMDAwMDAwMDAsImRlbGV0ZSI6MzAwMDAwMDAwMDAwLCJ1cGRhdGUiOjEyMDAwMDAwMDAwMH19",
          "dependencies": [
            "aws_internet_gateway.igw",
            "aws_route_table.public",
            "aws_vpc.main"
          ]
        }
      ]
    },
    {
      "mode": "managed",
      "type": "aws_route_table",
      "name": "private",
      "provider": "provider[\"registry.terraform.io/hashicorp/aws\"]",
      "instances": [
        {
          "schema_version": 0,
          "attributes": {
            "arn": "arn:aws:ec2:af-south-1:390701132944:route-table/rtb-0d47d51b16135c0f7",
            "id": "rtb-0d47d51b16135c0f7",
            "owner_id": "390701132944",
            "propagating_vgws": [],
            "region": "af-south-1",
            "route": [],
            "tags": {},
            "tags_all": {},
            "timeouts": null,
            "vpc_id": "vpc-03dfde120269a1e6b"
          },
          "sensitive_attributes": [],
          "identity_schema_version": 0,
          "identity": {
            "account_id": "390701132944",
            "id": "rtb-0d47d51b16135c0f7",
            "region": "af-south-1"
          },
          "private": "eyJlMmJmYjczMC1lY2FhLTExZTYtOGY4OC0zNDM2M2JjN2M0YzAiOnsiY3JlYXRlIjozMDAwMDAwMDAwMDAsImRlbGV0ZSI6MzAwMDAwMDAwMDAwLCJ1cGRhdGUiOjEyMDAwMDAwMDAwMH19",
          "dependencies": [
            "aws_vpc.main"
          ]
        }
      ]
    },
    {
      "mode": "managed",
      "type": "aws_route_table",
      "name": "public",
      "provider": "provider[\"registry.terraform.io/hashicorp/aws\"]",
      "instances": [
        {
          "schema_version": 0,
          "attributes": {
            "arn": "arn:aws:ec2:af-south-1:390701132944:route-table/rtb-0d37c94c7ca8e3cef",
            "id": "rtb-0d37c94c7ca8e3cef",
            "owner_id": "390701132944",
            "propagating_vgws": [],
            "region": "af-south-1",
            "route": [
              {
                "carrier_gateway_id": "",
                "cidr_block": "0.0.0.0/0",
                "core_network_arn": "",
                "destination_prefix_list_id": "",
                "egress_only_gateway_id": "",
                "gateway_id": "igw-05dbd216b230937de",
                "ipv6_cidr_block": "",
                "local_gateway_id": "",
                "nat_gateway_id": "",
                "network_interface_id": "",
                "transit_gateway_id": "",
                "vpc_endpoint_id": "",
                "vpc_peering_connection_id": ""
              }
            ],
            "tags": {},
            "tags_all": {},
            "timeouts": null,
            "vpc_id": "vpc-03dfde120269a1e6b"
          },
          "sensitive_attributes": [],
          "identity_schema_version": 0,
          "identity": {
            "account_id": "390701132944",
            "id": "rtb-0d37c94c7ca8e3cef",
            "region": "af-south-1"
          },
          "private": "eyJlMmJmYjczMC1lY2FhLTExZTYtOGY4OC0zNDM2M2JjN2M0YzAiOnsiY3JlYXRlIjozMDAwMDAwMDAwMDAsImRlbGV0ZSI6MzAwMDAwMDAwMDAwLCJ1cGRhdGUiOjEyMDAwMDAwMDAwMH19",
          "dependencies": [
            "aws_vpc.main"
          ]
        }
      ]
    },
    {
      "mode": "managed",
      "type": "aws_route_table_association",
      "name": "nginx",
      "provider": "provider[\"registry.terraform.io/hashicorp/aws\"]",
      "instances": [
        {
          "schema_version": 0,
          "attributes": {
            "gateway_id": "",
            "id": "rtbassoc-0353da5179a1f745b",
            "region": "af-south-1",
            "route_table_id": "rtb-0d37c94c7ca8e3cef",
            "subnet_id": "subnet-0870a08301127db29",
            "timeouts": null
          },
          "sensitive_attributes": [],
          "identity_schema_version": 0,
          "private": "eyJlMmJmYjczMC1lY2FhLTExZTYtOGY4OC0zNDM2M2JjN2M0YzAiOnsiY3JlYXRlIjozMDAwMDAwMDAwMDAsImRlbGV0ZSI6MzAwMDAwMDAwMDAwLCJ1cGRhdGUiOjEyMDAwMDAwMDAwMH19",
          "dependencies": [
            "aws_route_table.public",
            "aws_subnet.nginx",
            "aws_vpc.main"
          ]
        }
      ]
    },
    {
      "mode": "managed",
      "type": "aws_route_table_association",
      "name": "postgres",
      "provider": "provider[\"registry.terraform.io/hashicorp/aws\"]",
      "instances": [
        {
          "schema_version": 0,
          "attributes": {
            "gateway_id": "",
            "id": "rtbassoc-0c2682c5cbb8be8d2",
            "region": "af-south-1",
            "route_table_id": "rtb-0d47d51b16135c0f7",
            "subnet_id": "subnet-0f5e6704b2f4a4413",
            "timeouts": null
          },
          "sensitive_attributes": [],
          "identity_schema_version": 0,
          "private": "eyJlMmJmYjczMC1lY2FhLTExZTYtOGY4OC0zNDM2M2JjN2M0YzAiOnsiY3JlYXRlIjozMDAwMDAwMDAwMDAsImRlbGV0ZSI6MzAwMDAwMDAwMDAwLCJ1cGRhdGUiOjEyMDAwMDAwMDAwMH19",
          "dependencies": [
            "aws_route_table.private",
            "aws_subnet.postgres",
            "aws_vpc.main"
          ]
        }
      ]
    },
    {
      "mode": "managed",
      "type": "aws_security_group",
      "name": "nginx",
      "provider": "provider[\"registry.terraform.io/hashicorp/aws\"]",
      "instances": [
        {
          "schema_version": 1,
          "attributes": {
            "arn": "arn:aws:ec2:af-south-1:390701132944:security-group/sg-0374a93e757de63ae",
            "description": "Managed by Terraform",
            "egress": [
              {
                "cidr_blocks": [
                  "0.0.0.0/0"
                ],
                "description": "",
                "from_port": 0,
                "ipv6_cidr_blocks": [],
                "prefix_list_ids": [],
                "protocol": "-1",
                "security_groups": [],
                "self": false,
                "to_port": 0
              }
            ],
            "id": "sg-0374a93e757de63ae",
            "ingress": [
              {
                "cidr_blocks": [
                  "0.0.0.0/0"
                ],
                "description": "",
                "from_port": 443,
                "ipv6_cidr_blocks": [],
                "prefix_list_ids": [],
                "protocol": "tcp",
                "security_groups": [],
                "self": false,
                "to_port": 443
              },
              {
                "cidr_blocks": [
                  "0.0.0.0/0"
                ],
                "description": "",
                "from_port": 80,
                "ipv6_cidr_blocks": [],
                "prefix_list_ids": [],
                "protocol": "tcp",
                "security_groups": [],
                "self": false,
                "to_port": 80
              }
            ],
            "name": "nginx-sg",
            "name_prefix": "",
            "owner_id": "390701132944",
            "region": "af-south-1",
            "revoke_rules_on_delete": false,
            "tags": {},
            "tags_all": {},
            "timeouts": null,
            "vpc_id": "vpc-03dfde120269a1e6b"
          },
          "sensitive_attributes": [],
          "identity_schema_version": 0,
          "identity": {
            "account_id": "390701132944",
            "id": "sg-0374a93e757de63ae",
            "region": "af-south-1"
          },
          "private": "eyJlMmJmYjczMC1lY2FhLTExZTYtOGY4OC0zNDM2M2JjN2M0YzAiOnsiY3JlYXRlIjo2MDAwMDAwMDAwMDAsImRlbGV0ZSI6OTAwMDAwMDAwMDAwfSwic2NoZW1hX3ZlcnNpb24iOiIxIn0=",
          "dependencies": [
            "aws_vpc.main"
          ]
        }
      ]
    },
    {
      "mode": "managed",
      "type": "aws_security_group",
      "name": "postgres",
      "provider": "provider[\"registry.terraform.io/hashicorp/aws\"]",
      "instances": [
        {
          "schema_version": 1,
          "attributes": {
            "arn": "arn:aws:ec2:af-south-1:390701132944:security-group/sg-0f433413e86c381a6",
            "description": "Managed by Terraform",
            "egress": [
              {
                "cidr_blocks": [
                  "0.0.0.0/0"
                ],
                "description": "",
                "from_port": 0,
                "ipv6_cidr_blocks": [],
                "prefix_list_ids": [],
                "protocol": "-1",
                "security_groups": [],
                "self": false,
                "to_port": 0
              }
            ],
            "id": "sg-0f433413e86c381a6",
            "ingress": [
              {
                "cidr_blocks": [],
                "description": "",
                "from_port": 5432,
                "ipv6_cidr_blocks": [],
                "prefix_list_ids": [],
                "protocol": "tcp",
                "security_groups": [
                  "sg-0374a93e757de63ae"
                ],
                "self": false,
                "to_port": 5432
              }
            ],
            "name": "postgres-sg",
            "name_prefix": "",
            "owner_id": "390701132944",
            "region": "af-south-1",
            "revoke_rules_on_delete": false,
            "tags": {},
            "tags_all": {},
            "timeouts": null,
            "vpc_id": "vpc-03dfde120269a1e6b"
          },
          "sensitive_attributes": [],
          "identity_schema_version": 0,
          "identity": {
            "account_id": "390701132944",
            "id": "sg-0f433413e86c381a6",
            "region": "af-south-1"
          },
          "private": "eyJlMmJmYjczMC1lY2FhLTExZTYtOGY4OC0zNDM2M2JjN2M0YzAiOnsiY3JlYXRlIjo2MDAwMDAwMDAwMDAsImRlbGV0ZSI6OTAwMDAwMDAwMDAwfSwic2NoZW1hX3ZlcnNpb24iOiIxIn0=",
          "dependencies": [
            "aws_security_group.nginx",
            "aws_vpc.main"
          ]
        }
      ]
    },
    {
      "mode": "managed",
      "type": "aws_security_group",
      "name": "ssm",
      "provider": "provider[\"registry.terraform.io/hashicorp/aws\"]",
      "instances": [
        {
          "schema_version": 1,
          "attributes": {
            "arn": "arn:aws:ec2:af-south-1:390701132944:security-group/sg-0c8056eb9d8266ee7",
            "description": "Managed by Terraform",
            "egress": [
              {
                "cidr_blocks": [
                  "0.0.0.0/0"
                ],
                "description": "",
                "from_port": 0,
                "ipv6_cidr_blocks": [],
                "prefix_list_ids": [],
                "protocol": "-1",
                "security_groups": [],
                "self": false,
                "to_port": 0
              }
            ],
            "id": "sg-0c8056eb9d8266ee7",
            "ingress": [
              {
                "cidr_blocks": [],
                "description": "",
                "from_port": 443,
                "ipv6_cidr_blocks": [],
                "prefix_list_ids": [],
                "protocol": "tcp",
                "security_groups": [
                  "sg-0374a93e757de63ae",
                  "sg-0f433413e86c381a6"
                ],
                "self": false,
                "to_port": 443
              }
            ],
            "name": "ssm-sg",
            "name_prefix": "",
            "owner_id": "390701132944",
            "region": "af-south-1",
            "revoke_rules_on_delete": false,
            "tags": {},
            "tags_all": {},
            "timeouts": null,
            "vpc_id": "vpc-03dfde120269a1e6b"
          },
          "sensitive_attributes": [],
          "identity_schema_version": 0,
          "identity": {
            "account_id": "390701132944",
            "id": "sg-0c8056eb9d8266ee7",
            "region": "af-south-1"
          },
          "private": "eyJlMmJmYjczMC1lY2FhLTExZTYtOGY4OC0zNDM2M2JjN2M0YzAiOnsiY3JlYXRlIjo2MDAwMDAwMDAwMDAsImRlbGV0ZSI6OTAwMDAwMDAwMDAwfSwic2NoZW1hX3ZlcnNpb24iOiIxIn0=",
          "dependencies": [
            "aws_security_group.nginx",
            "aws_security_group.postgres",
            "aws_vpc.main"
          ]
        }
      ]
    },
    {
      "mode": "managed",
      "type": "aws_subnet",
      "name": "nginx",
      "provider": "provider[\"registry.terraform.io/hashicorp/aws\"]",
      "instances": [
        {
          "schema_version": 1,
          "attributes": {
            "arn": "arn:aws:ec2:af-south-1:390701132944:subnet/subnet-0870a08301127db29",
            "assign_ipv6_address_on_creation": false,
            "availability_zone": "af-south-1a",
            "availability_zone_id": "afs1-az1",
            "cidr_block": "10.0.1.0/24",
            "customer_owned_ipv4_pool": "",
            "enable_dns64": false,
            "enable_lni_at_device_index": 0,
            "enable_resource_name_dns_a_record_on_launch": false,
            "enable_resource_name_dns_aaaa_record_on_launch": false,
            "id": "subnet-0870a08301127db29",
            "ipv6_cidr_block": "",
            "ipv6_cidr_block_association_id": "",
            "ipv6_native": false,
            "map_customer_owned_ip_on_launch": false,
            "map_public_ip_on_launch": true,
            "outpost_arn": "",
            "owner_id": "390701132944",
            "private_dns_hostname_type_on_launch": "ip-name",
            "region": "af-south-1",
            "tags": {},
            "tags_all": {},
            "timeouts": null,
            "vpc_id": "vpc-03dfde120269a1e6b"
          },
          "sensitive_attributes": [],
          "identity_schema_version": 0,
          "identity": {
            "account_id": "390701132944",
            "id": "subnet-0870a08301127db29",
            "region": "af-south-1"
          },
          "private": "eyJlMmJmYjczMC1lY2FhLTExZTYtOGY4OC0zNDM2M2JjN2M0YzAiOnsiY3JlYXRlIjo2MDAwMDAwMDAwMDAsImRlbGV0ZSI6MTIwMDAwMDAwMDAwMH0sInNjaGVtYV92ZXJzaW9uIjoiMSJ9",
          "dependencies": [
            "aws_vpc.main"
          ]
        }
      ]
    },
    {
      "mode": "managed",
      "type": "aws_subnet",
      "name": "postgres",
      "provider": "provider[\"registry.terraform.io/hashicorp/aws\"]",
      "instances": [
        {
          "schema_version": 1,
          "attributes": {
            "arn": "arn:aws:ec2:af-south-1:390701132944:subnet/subnet-0f5e6704b2f4a4413",
            "assign_ipv6_address_on_creation": false,
            "availability_zone": "af-south-1a",
            "availability_zone_id": "afs1-az1",
            "cidr_block": "10.0.2.0/24",
            "customer_owned_ipv4_pool": "",
            "enable_dns64": false,
            "enable_lni_at_device_index": 0,
            "enable_resource_name_dns_a_record_on_launch": false,
            "enable_resource_name_dns_aaaa_record_on_launch": false,
            "id": "subnet-0f5e6704b2f4a4413",
            "ipv6_cidr_block": "",
            "ipv6_cidr_block_association_id": "",
            "ipv6_native": false,
            "map_customer_owned_ip_on_launch": false,
            "map_public_ip_on_launch": false,
            "outpost_arn": "",
            "owner_id": "390701132944",
            "private_dns_hostname_type_on_launch": "ip-name",
            "region": "af-south-1",
            "tags": {},
            "tags_all": {},
            "timeouts": null,
            "vpc_id": "vpc-03dfde120269a1e6b"
          },
          "sensitive_attributes": [],
          "identity_schema_version": 0,
          "identity": {
            "account_id": "390701132944",
            "id": "subnet-0f5e6704b2f4a4413",
            "region": "af-south-1"
          },
          "private": "eyJlMmJmYjczMC1lY2FhLTExZTYtOGY4OC0zNDM2M2JjN2M0YzAiOnsiY3JlYXRlIjo2MDAwMDAwMDAwMDAsImRlbGV0ZSI6MTIwMDAwMDAwMDAwMH0sInNjaGVtYV92ZXJzaW9uIjoiMSJ9",
          "dependencies": [
            "aws_vpc.main"
          ]
        }
      ]
    },
    {
      "mode": "managed",
      "type": "aws_vpc",
      "name": "main",
      "provider": "provider[\"registry.terraform.io/hashicorp/aws\"]",
      "instances": [
        {
          "schema_version": 1,
          "attributes": {
            "arn": "arn:aws:ec2:af-south-1:390701132944:vpc/vpc-03dfde120269a1e6b",
            "assign_generated_ipv6_cidr_block": false,
            "cidr_block": "10.0.0.0/16",
            "default_network_acl_id": "acl-030ffd324598c5452",
            "default_route_table_id": "rtb-0d46cbb11a87207fe",
            "default_security_group_id": "sg-05cd2d44b7ed9b792",
            "dhcp_options_id": "dopt-0e39b2c7533e9e24d",
            "enable_dns_hostnames": true,
            "enable_dns_support": true,
            "enable_network_address_usage_metrics": false,
            "id": "vpc-03dfde120269a1e6b",
            "instance_tenancy": "default",
            "ipv4_ipam_pool_id": null,
            "ipv4_netmask_length": null,
            "ipv6_association_id": "",
            "ipv6_cidr_block": "",
            "ipv6_cidr_block_network_border_group": "",
            "ipv6_ipam_pool_id": "",
            "ipv6_netmask_length": 0,
            "main_route_table_id": "rtb-0d46cbb11a87207fe",
            "owner_id": "390701132944",
            "region": "af-south-1",
            "tags": {},
            "tags_all": {}
          },
          "sensitive_attributes": [],
          "identity_schema_version": 0,
          "private": "eyJzY2hlbWFfdmVyc2lvbiI6IjEifQ=="
        }
      ]
    },
    {
      "mode": "managed",
      "type": "aws_vpc_endpoint",
      "name": "ec2messages",
      "provider": "provider[\"registry.terraform.io/hashicorp/aws\"]",
      "instances": [
        {
          "schema_version": 0,
          "attributes": {
            "arn": "arn:aws:ec2:af-south-1:390701132944:vpc-endpoint/vpce-0250d95849616211e",
            "auto_accept": null,
            "cidr_blocks": [],
            "dns_entry": [
              {
                "dns_name": "vpce-0250d95849616211e-p55wk3qv.ec2messages.af-south-1.vpce.amazonaws.com",
                "hosted_zone_id": "Z09302161J80N9A7UTP7U"
              },
              {
                "dns_name": "vpce-0250d95849616211e-p55wk3qv-af-south-1a.ec2messages.af-south-1.vpce.amazonaws.com",
                "hosted_zone_id": "Z09302161J80N9A7UTP7U"
              },
              {
                "dns_name": "ec2messages.af-south-1.amazonaws.com",
                "hosted_zone_id": "Z04778132EE87KRLD0OE5"
              }
            ],
            "dns_options": [
              {
                "dns_record_ip_type": "ipv4",
                "private_dns_only_for_inbound_resolver_endpoint": false
              }
            ],
            "id": "vpce-0250d95849616211e",
            "ip_address_type": "ipv4",
            "network_interface_ids": [
              "eni-07dc25a2ad898ada0"
            ],
            "owner_id": "390701132944",
            "policy": "{\"Statement\":[{\"Action\":\"*\",\"Effect\":\"Allow\",\"Principal\":\"*\",\"Resource\":\"*\"}]}",
            "prefix_list_id": null,
            "private_dns_enabled": true,
            "region": "af-south-1",
            "requester_managed": false,
            "resource_configuration_arn": "",
            "route_table_ids": [],
            "security_group_ids": [
              "sg-0c8056eb9d8266ee7"
            ],
            "service_name": "com.amazonaws.af-south-1.ec2messages",
            "service_network_arn": "",
            "service_region": "af-south-1",
            "state": "available",
            "subnet_configuration": [
              {
                "ipv4": "10.0.2.161",
                "ipv6": "",
                "subnet_id": "subnet-0f5e6704b2f4a4413"
              }
            ],
            "subnet_ids": [
              "subnet-0f5e6704b2f4a4413"
            ],
            "tags": {},
            "tags_all": {},
            "timeouts": null,
            "vpc_endpoint_type": "Interface",
            "vpc_id": "vpc-03dfde120269a1e6b"
          },
          "sensitive_attributes": [],
          "identity_schema_version": 0,
          "private": "eyJlMmJmYjczMC1lY2FhLTExZTYtOGY4OC0zNDM2M2JjN2M0YzAiOnsiY3JlYXRlIjo2MDAwMDAwMDAwMDAsImRlbGV0ZSI6NjAwMDAwMDAwMDAwLCJ1cGRhdGUiOjYwMDAwMDAwMDAwMH19",
          "dependencies": [
            "aws_security_group.nginx",
            "aws_security_group.postgres",
            "aws_security_group.ssm",
            "aws_subnet.postgres",
            "aws_vpc.main",
            "data.aws_region.current"
          ]
        }
      ]
    },
    {
      "mode": "managed",
      "type": "aws_vpc_endpoint",
      "name": "s3",
      "provider": "provider[\"registry.terraform.io/hashicorp/aws\"]",
      "instances": [
        {
          "schema_version": 0,
          "attributes": {
            "arn": "arn:aws:ec2:af-south-1:390701132944:vpc-endpoint/vpce-0bbfe09deef0c7927",
            "auto_accept": null,
            "cidr_blocks": [
              "52.95.180.0/24",
              "3.5.228.0/22",
              "52.95.175.0/24",
              "3.5.202.0/23",
              "52.95.176.0/24"
            ],
            "dns_entry": [],
            "dns_options": [],
            "id": "vpce-0bbfe09deef0c7927",
            "ip_address_type": "",
            "network_interface_ids": [],
            "owner_id": "390701132944",
            "policy": "{\"Statement\":[{\"Action\":\"*\",\"Effect\":\"Allow\",\"Principal\":\"*\",\"Resource\":\"*\"}],\"Version\":\"2008-10-17\"}",
            "prefix_list_id": "pl-a3ac49ca",
            "private_dns_enabled": false,
            "region": "af-south-1",
            "requester_managed": false,
            "resource_configuration_arn": "",
            "route_table_ids": [
              "rtb-0d47d51b16135c0f7"
            ],
            "security_group_ids": [],
            "service_name": "com.amazonaws.af-south-1.s3",
            "service_network_arn": "",
            "service_region": "af-south-1",
            "state": "available",
            "subnet_configuration": [],
            "subnet_ids": [],
            "tags": {},
            "tags_all": {},
            "timeouts": null,
            "vpc_endpoint_type": "Gateway",
            "vpc_id": "vpc-03dfde120269a1e6b"
          },
          "sensitive_attributes": [],
          "identity_schema_version": 0,
          "private": "eyJlMmJmYjczMC1lY2FhLTExZTYtOGY4OC0zNDM2M2JjN2M0YzAiOnsiY3JlYXRlIjo2MDAwMDAwMDAwMDAsImRlbGV0ZSI6NjAwMDAwMDAwMDAwLCJ1cGRhdGUiOjYwMDAwMDAwMDAwMH19",
          "dependencies": [
            "aws_route_table.private",
            "aws_vpc.main",
            "data.aws_region.current"
          ]
        }
      ]
    },
    {
      "mode": "managed",
      "type": "aws_vpc_endpoint",
      "name": "ssm",
      "provider": "provider[\"registry.terraform.io/hashicorp/aws\"]",
      "instances": [
        {
          "schema_version": 0,
          "attributes": {
            "arn": "arn:aws:ec2:af-south-1:390701132944:vpc-endpoint/vpce-05d4032b3a1c88d0a",
            "auto_accept": null,
            "cidr_blocks": [],
            "dns_entry": [
              {
                "dns_name": "vpce-05d4032b3a1c88d0a-qlqy3633.ssm.af-south-1.vpce.amazonaws.com",
                "hosted_zone_id": "Z09302161J80N9A7UTP7U"
              },
              {
                "dns_name": "vpce-05d4032b3a1c88d0a-qlqy3633-af-south-1a.ssm.af-south-1.vpce.amazonaws.com",
                "hosted_zone_id": "Z09302161J80N9A7UTP7U"
              },
              {
                "dns_name": "ssm.af-south-1.amazonaws.com",
                "hosted_zone_id": "Z047652035DQTTYR0A1JY"
              },
              {
                "dns_name": "ssm.af-south-1.api.aws",
                "hosted_zone_id": "Z012134118T0GB55M2T1C"
              }
            ],
            "dns_options": [
              {
                "dns_record_ip_type": "ipv4",
                "private_dns_only_for_inbound_resolver_endpoint": false
              }
            ],
            "id": "vpce-05d4032b3a1c88d0a",
            "ip_address_type": "ipv4",
            "network_interface_ids": [
              "eni-04273befeb65a27ec"
            ],
            "owner_id": "390701132944",
            "policy": "{\"Statement\":[{\"Action\":\"*\",\"Effect\":\"Allow\",\"Principal\":\"*\",\"Resource\":\"*\"}]}",
            "prefix_list_id": null,
            "private_dns_enabled": true,
            "region": "af-south-1",
            "requester_managed": false,
            "resource_configuration_arn": "",
            "route_table_ids": [],
            "security_group_ids": [
              "sg-0c8056eb9d8266ee7"
            ],
            "service_name": "com.amazonaws.af-south-1.ssm",
            "service_network_arn": "",
            "service_region": "af-south-1",
            "state": "available",
            "subnet_configuration": [
              {
                "ipv4": "10.0.2.44",
                "ipv6": "",
                "subnet_id": "subnet-0f5e6704b2f4a4413"
              }
            ],
            "subnet_ids": [
              "subnet-0f5e6704b2f4a4413"
            ],
            "tags": {},
            "tags_all": {},
            "timeouts": null,
            "vpc_endpoint_type": "Interface",
            "vpc_id": "vpc-03dfde120269a1e6b"
          },
          "sensitive_attributes": [],
          "identity_schema_version": 0,
          "private": "eyJlMmJmYjczMC1lY2FhLTExZTYtOGY4OC0zNDM2M2JjN2M0YzAiOnsiY3JlYXRlIjo2MDAwMDAwMDAwMDAsImRlbGV0ZSI6NjAwMDAwMDAwMDAwLCJ1cGRhdGUiOjYwMDAwMDAwMDAwMH19",
          "dependencies": [
            "aws_security_group.nginx",
            "aws_security_group.postgres",
            "aws_security_group.ssm",
            "aws_subnet.postgres",
            "aws_vpc.main",
            "data.aws_region.current"
          ]
        }
      ]
    },
    {
      "mode": "managed",
      "type": "aws_vpc_endpoint",
      "name": "ssmmessages",
      "provider": "provider[\"registry.terraform.io/hashicorp/aws\"]",
      "instances": [
        {
          "schema_version": 0,
          "attributes": {
            "arn": "arn:aws:ec2:af-south-1:390701132944:vpc-endpoint/vpce-042bb190e923beda6",
            "auto_accept": null,
            "cidr_blocks": [],
            "dns_entry": [
              {
                "dns_name": "vpce-042bb190e923beda6-yllwr63i.ssmmessages.af-south-1.vpce.amazonaws.com",
                "hosted_zone_id": "Z09302161J80N9A7UTP7U"
              },
              {
                "dns_name": "vpce-042bb190e923beda6-yllwr63i-af-south-1a.ssmmessages.af-south-1.vpce.amazonaws.com",
                "hosted_zone_id": "Z09302161J80N9A7UTP7U"
              },
              {
                "dns_name": "ssmmessages.af-south-1.amazonaws.com",
                "hosted_zone_id": "Z050372734F9L5R7JZAKT"
              }
            ],
            "dns_options": [
              {
                "dns_record_ip_type": "ipv4",
                "private_dns_only_for_inbound_resolver_endpoint": false
              }
            ],
            "id": "vpce-042bb190e923beda6",
            "ip_address_type": "ipv4",
            "network_interface_ids": [
              "eni-095df9c465ec324e8"
            ],
            "owner_id": "390701132944",
            "policy": "{\"Statement\":[{\"Action\":\"*\",\"Effect\":\"Allow\",\"Principal\":\"*\",\"Resource\":\"*\"}]}",
            "prefix_list_id": null,
            "private_dns_enabled": true,
            "region": "af-south-1",
            "requester_managed": false,
            "resource_configuration_arn": "",
            "route_table_ids": [],
            "security_group_ids": [
              "sg-0c8056eb9d8266ee7"
            ],
            "service_name": "com.amazonaws.af-south-1.ssmmessages",
            "service_network_arn": "",
            "service_region": "af-south-1",
            "state": "available",
            "subnet_configuration": [
              {
                "ipv4": "10.0.2.184",
                "ipv6": "",
                "subnet_id": "subnet-0f5e6704b2f4a4413"
              }
            ],
            "subnet_ids": [
              "subnet-0f5e6704b2f4a4413"
            ],
            "tags": {},
            "tags_all": {},
            "timeouts": null,
            "vpc_endpoint_type": "Interface",
            "vpc_id": "vpc-03dfde120269a1e6b"
          },
          "sensitive_attributes": [],
          "identity_schema_version": 0,
          "private": "eyJlMmJmYjczMC1lY2FhLTExZTYtOGY4OC0zNDM2M2JjN2M0YzAiOnsiY3JlYXRlIjo2MDAwMDAwMDAwMDAsImRlbGV0ZSI6NjAwMDAwMDAwMDAwLCJ1cGRhdGUiOjYwMDAwMDAwMDAwMH19",
          "dependencies": [
            "aws_security_group.nginx",
            "aws_security_group.postgres",
            "aws_security_group.ssm",
            "aws_subnet.postgres",
            "aws_vpc.main",
            "data.aws_region.current"
          ]
        }
      ]
    }
  ],
  "check_results": null
}
